
Microsoft Visual Studio Solution File, Format Version 12.00
# Visual Studio Version 17
VisualStudioVersion = 17.11.35208.52
MinimumVisualStudioVersion = 10.0.40219.1
Project("{9A19103F-16F7-4668-BE54-9A1E7A4F7556}") = "WebAPIs", "..\WebAPIs\WebAPIs.csproj", "{E84868CF-A794-434D-AB26-F56B02A5C959}"
EndProject
Project("{9A19103F-16F7-4668-BE54-9A1E7A4F7556}") = "Domain", "..\Domain\Domain.csproj", "{9BA7732D-C6A9-46CF-AA92-687549A9E85D}"
EndProject
Project("{9A19103F-16F7-4668-BE54-9A1E7A4F7556}") = "Application", "..\Application\Application.csproj", "{E2BB6D31-B93C-4BF6-8440-F582D92B686B}"
EndProject
Project("{9A19103F-16F7-4668-BE54-9A1E7A4F7556}") = "Infrastructure", "..\Infrastructure\Infrastructure.csproj", "{C8187C31-BCFD-4658-8445-F36FCDEB075A}"
EndProject
Project("{9A19103F-16F7-4668-BE54-9A1E7A4F7556}") = "UI", "UI\UI.csproj", "{2B6623DF-01CD-46CE-8F99-CD79939D2119}"
EndProject
Global
	GlobalSection(SolutionConfigurationPlatforms) = preSolution
		Debug|Any CPU = Debug|Any CPU
		Release|Any CPU = Release|Any CPU
	EndGlobalSection
	GlobalSection(ProjectConfigurationPlatforms) = postSolution
		{E84868CF-A794-434D-AB26-F56B02A5C959}.Debug|Any CPU.ActiveCfg = Debug|Any CPU
		{E84868CF-A794-434D-AB26-F56B02A5C959}.Debug|Any CPU.Build.0 = Debug|Any CPU
		{E84868CF-A794-434D-AB26-F56B02A5C959}.Release|Any CPU.ActiveCfg = Release|Any CPU
		{E84868CF-A794-434D-AB26-F56B02A5C959}.Release|Any CPU.Build.0 = Release|Any CPU
		{9BA7732D-C6A9-46CF-AA92-687549A9E85D}.Debug|Any CPU.ActiveCfg = Debug|Any CPU
		{9BA7732D-C6A9-46CF-AA92-687549A9E85D}.Debug|Any CPU.Build.0 = Debug|Any CPU
		{9BA7732D-C6A9-46CF-AA92-687549A9E85D}.Release|Any CPU.ActiveCfg = Release|Any CPU
		{9BA7732D-C6A9-46CF-AA92-687549A9E85D}.Release|Any CPU.Build.0 = Release|Any CPU
		{E2BB6D31-B93C-4BF6-8440-F582D92B686B}.Debug|Any CPU.ActiveCfg = Debug|Any CPU
		{E2BB6D31-B93C-4BF6-8440-F582D92B686B}.Debug|Any CPU.Build.0 = Debug|Any CPU
		{E2BB6D31-B93C-4BF6-8440-F582D92B686B}.Release|Any CPU.ActiveCfg = Release|Any CPU
		{E2BB6D31-B93C-4BF6-8440-F582D92B686B}.Release|Any CPU.Build.0 = Release|Any CPU
		{C8187C31-BCFD-4658-8445-F36FCDEB075A}.Debug|Any CPU.ActiveCfg = Debug|Any CPU
		{C8187C31-BCFD-4658-8445-F36FCDEB075A}.Debug|Any CPU.Build.0 = Debug|Any CPU
		{C8187C31-BCFD-4658-8445-F36FCDEB075A}.Release|Any CPU.ActiveCfg = Release|Any CPU
		{C8187C31-BCFD-4658-8445-F36FCDEB075A}.Release|Any CPU.Build.0 = Release|Any CPU
		{2B6623DF-01CD-46CE-8F99-CD79939D2119}.Debug|Any CPU.ActiveCfg = Debug|Any CPU
		{2B6623DF-01CD-46CE-8F99-CD79939D2119}.Debug|Any CPU.Build.0 = Debug|Any CPU
		{2B6623DF-01CD-46CE-8F99-CD79939D2119}.Release|Any CPU.ActiveCfg = Release|Any CPU
		{2B6623DF-01CD-46CE-8F99-CD79939D2119}.Release|Any CPU.Build.0 = Release|Any CPU
	EndGlobalSection
	GlobalSection(SolutionProperties) = preSolution
		HideSolutionNode = FALSE
	EndGlobalSection
	GlobalSection(ExtensibilityGlobals) = postSolution
		SolutionGuid = {18DDD8BC-F346-4446-A4BF-F657B915E251}
	EndGlobalSection
EndGlobal
